// !$*UTF8*$!
{
	archiveVersion = 1;
	classes = {
	};
	objectVersion = 46;
	objects = {

/* Begin PBXBuildFile section */
		B42D26AB1C775FCD00A7F828 /* ServicesListController.m in Sources */ = {isa = PBXBuildFile; fileRef = B42D26AA1C775FCD00A7F828 /* ServicesListController.m */; };
		B4BC5F7D1C77919600590526 /* SettingsController.m in Sources */ = {isa = PBXBuildFile; fileRef = B4BC5F7C1C77919600590526 /* SettingsController.m */; };
		B4BC5F801C77C29100590526 /* CoreData.m in Sources */ = {isa = PBXBuildFile; fileRef = B4BC5F7F1C77C29100590526 /* CoreData.m */; };
		DC0556E01C77064C0081F081 /* Ble.m in Sources */ = {isa = PBXBuildFile; fileRef = DC0556DF1C77064C0081F081 /* Ble.m */; };
		DC0556EC1C77149D0081F081 /* AMBouncingView.m in Sources */ = {isa = PBXBuildFile; fileRef = DC0556E81C77149D0081F081 /* AMBouncingView.m */; };
		DC0556ED1C77149D0081F081 /* AMSmoothAlertView.m in Sources */ = {isa = PBXBuildFile; fileRef = DC0556EB1C77149D0081F081 /* AMSmoothAlertView.m */; };
		DC37F0711C7625910067B205 /* main.m in Sources */ = {isa = PBXBuildFile; fileRef = DC37F0701C7625910067B205 /* main.m */; };
		DC37F0741C7625910067B205 /* AppDelegate.m in Sources */ = {isa = PBXBuildFile; fileRef = DC37F0731C7625910067B205 /* AppDelegate.m */; };
		DC37F0771C7625910067B205 /* ViewController.m in Sources */ = {isa = PBXBuildFile; fileRef = DC37F0761C7625910067B205 /* ViewController.m */; };
		DC37F07A1C7625910067B205 /* Main.storyboard in Resources */ = {isa = PBXBuildFile; fileRef = DC37F0781C7625910067B205 /* Main.storyboard */; };
		DC37F07D1C7625910067B205 /* Ble.xcdatamodeld in Sources */ = {isa = PBXBuildFile; fileRef = DC37F07B1C7625910067B205 /* Ble.xcdatamodeld */; };
		DC37F07F1C7625910067B205 /* Assets.xcassets in Resources */ = {isa = PBXBuildFile; fileRef = DC37F07E1C7625910067B205 /* Assets.xcassets */; };
		DC37F0821C7625910067B205 /* LaunchScreen.storyboard in Resources */ = {isa = PBXBuildFile; fileRef = DC37F0801C7625910067B205 /* LaunchScreen.storyboard */; };
		DC37F08D1C7625910067B205 /* BleTests.m in Sources */ = {isa = PBXBuildFile; fileRef = DC37F08C1C7625910067B205 /* BleTests.m */; };
		DC37F0981C7625910067B205 /* BleUITests.m in Sources */ = {isa = PBXBuildFile; fileRef = DC37F0971C7625910067B205 /* BleUITests.m */; };
		DC37F0A81C7639260067B205 /* DeviceListController.m in Sources */ = {isa = PBXBuildFile; fileRef = DC37F0A71C7639260067B205 /* DeviceListController.m */; };
/* End PBXBuildFile section */

/* Begin PBXContainerItemProxy section */
		DC37F0891C7625910067B205 /* PBXContainerItemProxy */ = {
			isa = PBXContainerItemProxy;
			containerPortal = DC37F0641C7625910067B205 /* Project object */;
			proxyType = 1;
			remoteGlobalIDString = DC37F06B1C7625910067B205;
			remoteInfo = Ble;
		};
		DC37F0941C7625910067B205 /* PBXContainerItemProxy */ = {
			isa = PBXContainerItemProxy;
			containerPortal = DC37F0641C7625910067B205 /* Project object */;
			proxyType = 1;
			remoteGlobalIDString = DC37F06B1C7625910067B205;
			remoteInfo = Ble;
		};
/* End PBXContainerItemProxy section */

/* Begin PBXFileReference section */
		B42D26A91C775FCD00A7F828 /* ServicesListController.h */ = {isa = PBXFileReference; fileEncoding = 4; lastKnownFileType = sourcecode.c.h; path = ServicesListController.h; sourceTree = "<group>"; };
		B42D26AA1C775FCD00A7F828 /* ServicesListController.m */ = {isa = PBXFileReference; fileEncoding = 4; lastKnownFileType = sourcecode.c.objc; path = ServicesListController.m; sourceTree = "<group>"; };
		B4BC5F7B1C77919600590526 /* SettingsController.h */ = {isa = PBXFileReference; fileEncoding = 4; lastKnownFileType = sourcecode.c.h; path = SettingsController.h; sourceTree = "<group>"; };
		B4BC5F7C1C77919600590526 /* SettingsController.m */ = {isa = PBXFileReference; fileEncoding = 4; lastKnownFileType = sourcecode.c.objc; path = SettingsController.m; sourceTree = "<group>"; };
		B4BC5F7E1C77C29100590526 /* CoreData.h */ = {isa = PBXFileReference; fileEncoding = 4; lastKnownFileType = sourcecode.c.h; path = CoreData.h; sourceTree = "<group>"; };
		B4BC5F7F1C77C29100590526 /* CoreData.m */ = {isa = PBXFileReference; fileEncoding = 4; lastKnownFileType = sourcecode.c.objc; path = CoreData.m; sourceTree = "<group>"; };
		DC0556DE1C77064C0081F081 /* Ble.h */ = {isa = PBXFileReference; fileEncoding = 4; lastKnownFileType = sourcecode.c.h; path = Ble.h; sourceTree = "<group>"; };
		DC0556DF1C77064C0081F081 /* Ble.m */ = {isa = PBXFileReference; fileEncoding = 4; lastKnownFileType = sourcecode.c.objc; path = Ble.m; sourceTree = "<group>"; };
		DC0556E71C77149D0081F081 /* AMBouncingView.h */ = {isa = PBXFileReference; fileEncoding = 4; lastKnownFileType = sourcecode.c.h; path = AMBouncingView.h; sourceTree = "<group>"; };
		DC0556E81C77149D0081F081 /* AMBouncingView.m */ = {isa = PBXFileReference; fileEncoding = 4; lastKnownFileType = sourcecode.c.objc; path = AMBouncingView.m; sourceTree = "<group>"; };
		DC0556E91C77149D0081F081 /* AMSmoothAlertConstants.h */ = {isa = PBXFileReference; fileEncoding = 4; lastKnownFileType = sourcecode.c.h; path = AMSmoothAlertConstants.h; sourceTree = "<group>"; };
		DC0556EA1C77149D0081F081 /* AMSmoothAlertView.h */ = {isa = PBXFileReference; fileEncoding = 4; lastKnownFileType = sourcecode.c.h; path = AMSmoothAlertView.h; sourceTree = "<group>"; };
		DC0556EB1C77149D0081F081 /* AMSmoothAlertView.m */ = {isa = PBXFileReference; fileEncoding = 4; lastKnownFileType = sourcecode.c.objc; path = AMSmoothAlertView.m; sourceTree = "<group>"; };
		DC37F06C1C7625910067B205 /* Ble.app */ = {isa = PBXFileReference; explicitFileType = wrapper.application; includeInIndex = 0; path = Ble.app; sourceTree = BUILT_PRODUCTS_DIR; };
		DC37F0701C7625910067B205 /* main.m */ = {isa = PBXFileReference; lastKnownFileType = sourcecode.c.objc; path = main.m; sourceTree = "<group>"; };
		DC37F0721C7625910067B205 /* AppDelegate.h */ = {isa = PBXFileReference; lastKnownFileType = sourcecode.c.h; path = AppDelegate.h; sourceTree = "<group>"; };
		DC37F0731C7625910067B205 /* AppDelegate.m */ = {isa = PBXFileReference; lastKnownFileType = sourcecode.c.objc; path = AppDelegate.m; sourceTree = "<group>"; };
		DC37F0751C7625910067B205 /* ViewController.h */ = {isa = PBXFileReference; lastKnownFileType = sourcecode.c.h; path = ViewController.h; sourceTree = "<group>"; };
		DC37F0761C7625910067B205 /* ViewController.m */ = {isa = PBXFileReference; lastKnownFileType = sourcecode.c.objc; path = ViewController.m; sourceTree = "<group>"; };
		DC37F0791C7625910067B205 /* Base */ = {isa = PBXFileReference; lastKnownFileType = file.storyboard; name = Base; path = Base.lproj/Main.storyboard; sourceTree = "<group>"; };
		DC37F07C1C7625910067B205 /* Ble.xcdatamodel */ = {isa = PBXFileReference; lastKnownFileType = wrapper.xcdatamodel; path = Ble.xcdatamodel; sourceTree = "<group>"; };
		DC37F07E1C7625910067B205 /* Assets.xcassets */ = {isa = PBXFileReference; lastKnownFileType = folder.assetcatalog; path = Assets.xcassets; sourceTree = "<group>"; };
		DC37F0811C7625910067B205 /* Base */ = {isa = PBXFileReference; lastKnownFileType = file.storyboard; name = Base; path = Base.lproj/LaunchScreen.storyboard; sourceTree = "<group>"; };
		DC37F0831C7625910067B205 /* Info.plist */ = {isa = PBXFileReference; lastKnownFileType = text.plist.xml; path = Info.plist; sourceTree = "<group>"; };
		DC37F0881C7625910067B205 /* BleTests.xctest */ = {isa = PBXFileReference; explicitFileType = wrapper.cfbundle; includeInIndex = 0; path = BleTests.xctest; sourceTree = BUILT_PRODUCTS_DIR; };
		DC37F08C1C7625910067B205 /* BleTests.m */ = {isa = PBXFileReference; lastKnownFileType = sourcecode.c.objc; path = BleTests.m; sourceTree = "<group>"; };
		DC37F08E1C7625910067B205 /* Info.plist */ = {isa = PBXFileReference; lastKnownFileType = text.plist.xml; path = Info.plist; sourceTree = "<group>"; };
		DC37F0931C7625910067B205 /* BleUITests.xctest */ = {isa = PBXFileReference; explicitFileType = wrapper.cfbundle; includeInIndex = 0; path = BleUITests.xctest; sourceTree = BUILT_PRODUCTS_DIR; };
		DC37F0971C7625910067B205 /* BleUITests.m */ = {isa = PBXFileReference; lastKnownFileType = sourcecode.c.objc; path = BleUITests.m; sourceTree = "<group>"; };
		DC37F0991C7625910067B205 /* Info.plist */ = {isa = PBXFileReference; lastKnownFileType = text.plist.xml; path = Info.plist; sourceTree = "<group>"; };
		DC37F0A61C7639260067B205 /* DeviceListController.h */ = {isa = PBXFileReference; fileEncoding = 4; lastKnownFileType = sourcecode.c.h; path = DeviceListController.h; sourceTree = "<group>"; };
		DC37F0A71C7639260067B205 /* DeviceListController.m */ = {isa = PBXFileReference; fileEncoding = 4; lastKnownFileType = sourcecode.c.objc; path = DeviceListController.m; sourceTree = "<group>"; };
/* End PBXFileReference section */

/* Begin PBXFrameworksBuildPhase section */
		DC37F0691C7625910067B205 /* Frameworks */ = {
			isa = PBXFrameworksBuildPhase;
			buildActionMask = 2147483647;
			files = (
			);
			runOnlyForDeploymentPostprocessing = 0;
		};
		DC37F0851C7625910067B205 /* Frameworks */ = {
			isa = PBXFrameworksBuildPhase;
			buildActionMask = 2147483647;
			files = (
			);
			runOnlyForDeploymentPostprocessing = 0;
		};
		DC37F0901C7625910067B205 /* Frameworks */ = {
			isa = PBXFrameworksBuildPhase;
			buildActionMask = 2147483647;
			files = (
			);
			runOnlyForDeploymentPostprocessing = 0;
		};
/* End PBXFrameworksBuildPhase section */

/* Begin PBXGroup section */
		B42D26A81C775F9200A7F828 /* ServicesList */ = {
			isa = PBXGroup;
			children = (
				B42D26A91C775FCD00A7F828 /* ServicesListController.h */,
				B42D26AA1C775FCD00A7F828 /* ServicesListController.m */,
			);
			name = ServicesList;
			sourceTree = "<group>";
		};
		B4BC5F7A1C77917600590526 /* Settings */ = {
			isa = PBXGroup;
			children = (
				B4BC5F7B1C77919600590526 /* SettingsController.h */,
				B4BC5F7C1C77919600590526 /* SettingsController.m */,
			);
			name = Settings;
			sourceTree = "<group>";
		};
		DC0556DD1C7706310081F081 /* Hardware */ = {
			isa = PBXGroup;
			children = (
				DC0556DE1C77064C0081F081 /* Ble.h */,
				DC0556DF1C77064C0081F081 /* Ble.m */,
			);
			name = Hardware;
			sourceTree = "<group>";
		};
		DC0556E51C7714700081F081 /* Vendor */ = {
			isa = PBXGroup;
			children = (
				DC0556E61C7714830081F081 /* AMSmoothAlert */,
			);
			name = Vendor;
			sourceTree = "<group>";
		};
		DC0556E61C7714830081F081 /* AMSmoothAlert */ = {
			isa = PBXGroup;
			children = (
				DC0556E71C77149D0081F081 /* AMBouncingView.h */,
				DC0556E81C77149D0081F081 /* AMBouncingView.m */,
				DC0556E91C77149D0081F081 /* AMSmoothAlertConstants.h */,
				DC0556EA1C77149D0081F081 /* AMSmoothAlertView.h */,
				DC0556EB1C77149D0081F081 /* AMSmoothAlertView.m */,
			);
			name = AMSmoothAlert;
			sourceTree = "<group>";
		};
		DC37F0631C7625910067B205 = {
			isa = PBXGroup;
			children = (
				DC37F06E1C7625910067B205 /* Ble */,
				DC37F08B1C7625910067B205 /* BleTests */,
				DC37F0961C7625910067B205 /* BleUITests */,
				DC37F06D1C7625910067B205 /* Products */,
			);
			sourceTree = "<group>";
		};
		DC37F06D1C7625910067B205 /* Products */ = {
			isa = PBXGroup;
			children = (
				DC37F06C1C7625910067B205 /* Ble.app */,
				DC37F0881C7625910067B205 /* BleTests.xctest */,
				DC37F0931C7625910067B205 /* BleUITests.xctest */,
			);
			name = Products;
			sourceTree = "<group>";
		};
		DC37F06E1C7625910067B205 /* Ble */ = {
			isa = PBXGroup;
			children = (
				B4BC5F7A1C77917600590526 /* Settings */,
				DC0556E51C7714700081F081 /* Vendor */,
				DC0556DD1C7706310081F081 /* Hardware */,
				DC37F0A51C7638EC0067B205 /* DeviceList */,
				B42D26A81C775F9200A7F828 /* ServicesList */,
				DC37F0721C7625910067B205 /* AppDelegate.h */,
				DC37F0731C7625910067B205 /* AppDelegate.m */,
				DC37F0751C7625910067B205 /* ViewController.h */,
				DC37F0761C7625910067B205 /* ViewController.m */,
				DC37F0781C7625910067B205 /* Main.storyboard */,
				DC37F07E1C7625910067B205 /* Assets.xcassets */,
				DC37F0801C7625910067B205 /* LaunchScreen.storyboard */,
				DC37F0831C7625910067B205 /* Info.plist */,
				DC37F07B1C7625910067B205 /* Ble.xcdatamodeld */,
				DC37F06F1C7625910067B205 /* Supporting Files */,
				B4BC5F7E1C77C29100590526 /* CoreData.h */,
				B4BC5F7F1C77C29100590526 /* CoreData.m */,
			);
			path = Ble;
			sourceTree = "<group>";
		};
		DC37F06F1C7625910067B205 /* Supporting Files */ = {
			isa = PBXGroup;
			children = (
				DC37F0701C7625910067B205 /* main.m */,
			);
			name = "Supporting Files";
			sourceTree = "<group>";
		};
		DC37F08B1C7625910067B205 /* BleTests */ = {
			isa = PBXGroup;
			children = (
				DC37F08C1C7625910067B205 /* BleTests.m */,
				DC37F08E1C7625910067B205 /* Info.plist */,
			);
			path = BleTests;
			sourceTree = "<group>";
		};
		DC37F0961C7625910067B205 /* BleUITests */ = {
			isa = PBXGroup;
			children = (
				DC37F0971C7625910067B205 /* BleUITests.m */,
				DC37F0991C7625910067B205 /* Info.plist */,
			);
			path = BleUITests;
			sourceTree = "<group>";
		};
		DC37F0A51C7638EC0067B205 /* DeviceList */ = {
			isa = PBXGroup;
			children = (
				DC37F0A61C7639260067B205 /* DeviceListController.h */,
				DC37F0A71C7639260067B205 /* DeviceListController.m */,
			);
			name = DeviceList;
			sourceTree = "<group>";
		};
/* End PBXGroup section */

/* Begin PBXNativeTarget section */
		DC37F06B1C7625910067B205 /* Ble */ = {
			isa = PBXNativeTarget;
			buildConfigurationList = DC37F09C1C7625910067B205 /* Build configuration list for PBXNativeTarget "Ble" */;
			buildPhases = (
				DC37F0681C7625910067B205 /* Sources */,
				DC37F0691C7625910067B205 /* Frameworks */,
				DC37F06A1C7625910067B205 /* Resources */,
			);
			buildRules = (
			);
			dependencies = (
			);
			name = Ble;
			productName = Ble;
			productReference = DC37F06C1C7625910067B205 /* Ble.app */;
			productType = "com.apple.product-type.application";
		};
		DC37F0871C7625910067B205 /* BleTests */ = {
			isa = PBXNativeTarget;
			buildConfigurationList = DC37F09F1C7625910067B205 /* Build configuration list for PBXNativeTarget "BleTests" */;
			buildPhases = (
				DC37F0841C7625910067B205 /* Sources */,
				DC37F0851C7625910067B205 /* Frameworks */,
				DC37F0861C7625910067B205 /* Resources */,
			);
			buildRules = (
			);
			dependencies = (
				DC37F08A1C7625910067B205 /* PBXTargetDependency */,
			);
			name = BleTests;
			productName = BleTests;
			productReference = DC37F0881C7625910067B205 /* BleTests.xctest */;
			productType = "com.apple.product-type.bundle.unit-test";
		};
		DC37F0921C7625910067B205 /* BleUITests */ = {
			isa = PBXNativeTarget;
			buildConfigurationList = DC37F0A21C7625910067B205 /* Build configuration list for PBXNativeTarget "BleUITests" */;
			buildPhases = (
				DC37F08F1C7625910067B205 /* Sources */,
				DC37F0901C7625910067B205 /* Frameworks */,
				DC37F0911C7625910067B205 /* Resources */,
			);
			buildRules = (
			);
			dependencies = (
				DC37F0951C7625910067B205 /* PBXTargetDependency */,
			);
			name = BleUITests;
			productName = BleUITests;
			productReference = DC37F0931C7625910067B205 /* BleUITests.xctest */;
			productType = "com.apple.product-type.bundle.ui-testing";
		};
/* End PBXNativeTarget section */

/* Begin PBXProject section */
		DC37F0641C7625910067B205 /* Project object */ = {
			isa = PBXProject;
			attributes = {
				LastUpgradeCheck = 0720;
				ORGANIZATIONNAME = JonFir;
				TargetAttributes = {
					DC37F06B1C7625910067B205 = {
						CreatedOnToolsVersion = 7.2.1;
						DevelopmentTeam = GMD7EK7S94;
						SystemCapabilities = {
							com.apple.BackgroundModes = {
								enabled = 1;
							};
						};
					};
					DC37F0871C7625910067B205 = {
						CreatedOnToolsVersion = 7.2.1;
						TestTargetID = DC37F06B1C7625910067B205;
					};
					DC37F0921C7625910067B205 = {
						CreatedOnToolsVersion = 7.2.1;
						TestTargetID = DC37F06B1C7625910067B205;
					};
				};
			};
			buildConfigurationList = DC37F0671C7625910067B205 /* Build configuration list for PBXProject "Ble" */;
			compatibilityVersion = "Xcode 3.2";
			developmentRegion = English;
			hasScannedForEncodings = 0;
			knownRegions = (
				en,
				Base,
			);
			mainGroup = DC37F0631C7625910067B205;
			productRefGroup = DC37F06D1C7625910067B205 /* Products */;
			projectDirPath = "";
			projectRoot = "";
			targets = (
				DC37F06B1C7625910067B205 /* Ble */,
				DC37F0871C7625910067B205 /* BleTests */,
				DC37F0921C7625910067B205 /* BleUITests */,
			);
		};
/* End PBXProject section */

/* Begin PBXResourcesBuildPhase section */
		DC37F06A1C7625910067B205 /* Resources */ = {
			isa = PBXResourcesBuildPhase;
			buildActionMask = 2147483647;
			files = (
				DC37F0821C7625910067B205 /* LaunchScreen.storyboard in Resources */,
				DC37F07F1C7625910067B205 /* Assets.xcassets in Resources */,
				DC37F07A1C7625910067B205 /* Main.storyboard in Resources */,
			);
			runOnlyForDeploymentPostprocessing = 0;
		};
		DC37F0861C7625910067B205 /* Resources */ = {
			isa = PBXResourcesBuildPhase;
			buildActionMask = 2147483647;
			files = (
			);
			runOnlyForDeploymentPostprocessing = 0;
		};
		DC37F0911C7625910067B205 /* Resources */ = {
			isa = PBXResourcesBuildPhase;
			buildActionMask = 2147483647;
			files = (
			);
			runOnlyForDeploymentPostprocessing = 0;
		};
/* End PBXResourcesBuildPhase section */

/* Begin PBXSourcesBuildPhase section */
		DC37F0681C7625910067B205 /* Sources */ = {
			isa = PBXSourcesBuildPhase;
			buildActionMask = 2147483647;
			files = (
				DC37F0771C7625910067B205 /* ViewController.m in Sources */,
				B42D26AB1C775FCD00A7F828 /* ServicesListController.m in Sources */,
				B4BC5F7D1C77919600590526 /* SettingsController.m in Sources */,
				B4BC5F801C77C29100590526 /* CoreData.m in Sources */,
				DC0556EC1C77149D0081F081 /* AMBouncingView.m in Sources */,
				DC0556E01C77064C0081F081 /* Ble.m in Sources */,
				DC37F0741C7625910067B205 /* AppDelegate.m in Sources */,
				DC37F0711C7625910067B205 /* main.m in Sources */,
				DC37F07D1C7625910067B205 /* Ble.xcdatamodeld in Sources */,
				DC37F0A81C7639260067B205 /* DeviceListController.m in Sources */,
				DC0556ED1C77149D0081F081 /* AMSmoothAlertView.m in Sources */,
			);
			runOnlyForDeploymentPostprocessing = 0;
		};
		DC37F0841C7625910067B205 /* Sources */ = {
			isa = PBXSourcesBuildPhase;
			buildActionMask = 2147483647;
			files = (
				DC37F08D1C7625910067B205 /* BleTests.m in Sources */,
			);
			runOnlyForDeploymentPostprocessing = 0;
		};
		DC37F08F1C7625910067B205 /* Sources */ = {
			isa = PBXSourcesBuildPhase;
			buildActionMask = 2147483647;
			files = (
				DC37F0981C7625910067B205 /* BleUITests.m in Sources */,
			);
			runOnlyForDeploymentPostprocessing = 0;
		};
/* End PBXSourcesBuildPhase section */

/* Begin PBXTargetDependency section */
		DC37F08A1C7625910067B205 /* PBXTargetDependency */ = {
			isa = PBXTargetDependency;
			target = DC37F06B1C7625910067B205 /* Ble */;
			targetProxy = DC37F0891C7625910067B205 /* PBXContainerItemProxy */;
		};
		DC37F0951C7625910067B205 /* PBXTargetDependency */ = {
			isa = PBXTargetDependency;
			target = DC37F06B1C7625910067B205 /* Ble */;
			targetProxy = DC37F0941C7625910067B205 /* PBXContainerItemProxy */;
		};
/* End PBXTargetDependency section */

/* Begin PBXVariantGroup section */
		DC37F0781C7625910067B205 /* Main.storyboard */ = {
			isa = PBXVariantGroup;
			children = (
				DC37F0791C7625910067B205 /* Base */,
			);
			name = Main.storyboard;
			sourceTree = "<group>";
		};
		DC37F0801C7625910067B205 /* LaunchScreen.storyboard */ = {
			isa = PBXVariantGroup;
			children = (
				DC37F0811C7625910067B205 /* Base */,
			);
			name = LaunchScreen.storyboard;
			sourceTree = "<group>";
		};
/* End PBXVariantGroup section */

/* Begin XCBuildConfiguration section */
		DC37F09A1C7625910067B205 /* Debug */ = {
			isa = XCBuildConfiguration;
			buildSettings = {
				ALWAYS_SEARCH_USER_PATHS = NO;
				CLANG_CXX_LANGUAGE_STANDARD = "gnu++0x";
				CLANG_CXX_LIBRARY = "libc++";
				CLANG_ENABLE_MODULES = YES;
				CLANG_ENABLE_OBJC_ARC = YES;
				CLANG_WARN_BOOL_CONVERSION = YES;
				CLANG_WARN_CONSTANT_CONVERSION = YES;
				CLANG_WARN_DIRECT_OBJC_ISA_USAGE = YES_ERROR;
				CLANG_WARN_EMPTY_BODY = YES;
				CLANG_WARN_ENUM_CONVERSION = YES;
				CLANG_WARN_INT_CONVERSION = YES;
				CLANG_WARN_OBJC_ROOT_CLASS = YES_ERROR;
				CLANG_WARN_UNREACHABLE_CODE = YES;
				CLANG_WARN__DUPLICATE_METHOD_MATCH = YES;
				"CODE_SIGN_IDENTITY[sdk=iphoneos*]" = "iPhone Developer";
				COPY_PHASE_STRIP = NO;
				DEBUG_INFORMATION_FORMAT = dwarf;
				ENABLE_STRICT_OBJC_MSGSEND = YES;
				ENABLE_TESTABILITY = YES;
				GCC_C_LANGUAGE_STANDARD = gnu99;
				GCC_DYNAMIC_NO_PIC = NO;
				GCC_NO_COMMON_BLOCKS = YES;
				GCC_OPTIMIZATION_LEVEL = 0;
				GCC_PREPROCESSOR_DEFINITIONS = (
					"DEBUG=1",
					"$(inherited)",
				);
				GCC_WARN_64_TO_32_BIT_CONVERSION = YES;
				GCC_WARN_ABOUT_RETURN_TYPE = YES_ERROR;
				GCC_WARN_UNDECLARED_SELECTOR = YES;
				GCC_WARN_UNINITIALIZED_AUTOS = YES_AGGRESSIVE;
				GCC_WARN_UNUSED_FUNCTION = YES;
				GCC_WARN_UNUSED_VARIABLE = YES;
				IPHONEOS_DEPLOYMENT_TARGET = 9.2;
				MTL_ENABLE_DEBUG_INFO = YES;
				ONLY_ACTIVE_ARCH = YES;
				SDKROOT = iphoneos;
				TARGETED_DEVICE_FAMILY = "1,2";
			};
			name = Debug;
		};
		DC37F09B1C7625910067B205 /* Release */ = {
			isa = XCBuildConfiguration;
			buildSettings = {
				ALWAYS_SEARCH_USER_PATHS = NO;
				CLANG_CXX_LANGUAGE_STANDARD = "gnu++0x";
				CLANG_CXX_LIBRARY = "libc++";
				CLANG_ENABLE_MODULES = YES;
				CLANG_ENABLE_OBJC_ARC = YES;
				CLANG_WARN_BOOL_CONVERSION = YES;
				CLANG_WARN_CONSTANT_CONVERSION = YES;
				CLANG_WARN_DIRECT_OBJC_ISA_USAGE = YES_ERROR;
				CLANG_WARN_EMPTY_BODY = YES;
				CLANG_WARN_ENUM_CONVERSION = YES;
				CLANG_WARN_INT_CONVERSION = YES;
				CLANG_WARN_OBJC_ROOT_CLASS = YES_ERROR;
				CLANG_WARN_UNREACHABLE_CODE = YES;
				CLANG_WARN__DUPLICATE_METHOD_MATCH = YES;
				"CODE_SIGN_IDENTITY[sdk=iphoneos*]" = "iPhone Developer";
				COPY_PHASE_STRIP = NO;
				DEBUG_INFORMATION_FORMAT = "dwarf-with-dsym";
				ENABLE_NS_ASSERTIONS = NO;
				ENABLE_STRICT_OBJC_MSGSEND = YES;
				GCC_C_LANGUAGE_STANDARD = gnu99;
				GCC_NO_COMMON_BLOCKS = YES;
				GCC_WARN_64_TO_32_BIT_CONVERSION = YES;
				GCC_WARN_ABOUT_RETURN_TYPE = YES_ERROR;
				GCC_WARN_UNDECLARED_SELECTOR = YES;
				GCC_WARN_UNINITIALIZED_AUTOS = YES_AGGRESSIVE;
				GCC_WARN_UNUSED_FUNCTION = YES;
				GCC_WARN_UNUSED_VARIABLE = YES;
				IPHONEOS_DEPLOYMENT_TARGET = 9.2;
				MTL_ENABLE_DEBUG_INFO = NO;
				SDKROOT = iphoneos;
				TARGETED_DEVICE_FAMILY = "1,2";
				VALIDATE_PRODUCT = YES;
			};
			name = Release;
		};
		DC37F09D1C7625910067B205 /* Debug */ = {
			isa = XCBuildConfiguration;
			buildSettings = {
				ASSETCATALOG_COMPILER_APPICON_NAME = AppIcon;
				CODE_SIGN_IDENTITY = "iPhone Developer";
				FRAMEWORK_SEARCH_PATHS = (
					"$(inherited)",
					"$(PROJECT_DIR)/Ble",
				);
				INFOPLIST_FILE = Ble/Info.plist;
				IPHONEOS_DEPLOYMENT_TARGET = 7.0;
				LD_RUNPATH_SEARCH_PATHS = "$(inherited) @executable_path/Frameworks";
				PRODUCT_BUNDLE_IDENTIFIER = JonFir.Ble;
				PRODUCT_NAME = "$(TARGET_NAME)";
			};
			name = Debug;
		};
		DC37F09E1C7625910067B205 /* Release */ = {
			isa = XCBuildConfiguration;
			buildSettings = {
				ASSETCATALOG_COMPILER_APPICON_NAME = AppIcon;
				CODE_SIGN_IDENTITY = "iPhone Developer";
				FRAMEWORK_SEARCH_PATHS = (
					"$(inherited)",
					"$(PROJECT_DIR)/Ble",
				);
				INFOPLIST_FILE = Ble/Info.plist;
				IPHONEOS_DEPLOYMENT_TARGET = 7.0;
				LD_RUNPATH_SEARCH_PATHS = "$(inherited) @executable_path/Frameworks";
				PRODUCT_BUNDLE_IDENTIFIER = JonFir.Ble;
				PRODUCT_NAME = "$(TARGET_NAME)";
			};
			name = Release;
		};
		DC37F0A01C7625910067B205 /* Debug */ = {
			isa = XCBuildConfiguration;
			buildSettings = {
				BUNDLE_LOADER = "$(TEST_HOST)";
				INFOPLIST_FILE = BleTests/Info.plist;
				LD_RUNPATH_SEARCH_PATHS = "$(inherited) @executable_path/Frameworks @loader_path/Frameworks";
				PRODUCT_BUNDLE_IDENTIFIER = JonFir.BleTests;
				PRODUCT_NAME = "$(TARGET_NAME)";
				TEST_HOST = "$(BUILT_PRODUCTS_DIR)/Ble.app/Ble";
			};
			name = Debug;
		};
		DC37F0A11C7625910067B205 /* Release */ = {
			isa = XCBuildConfiguration;
			buildSettings = {
				BUNDLE_LOADER = "$(TEST_HOST)";
				INFOPLIST_FILE = BleTests/Info.plist;
				LD_RUNPATH_SEARCH_PATHS = "$(inherited) @executable_path/Frameworks @loader_path/Frameworks";
				PRODUCT_BUNDLE_IDENTIFIER = JonFir.BleTests;
				PRODUCT_NAME = "$(TARGET_NAME)";
				TEST_HOST = "$(BUILT_PRODUCTS_DIR)/Ble.app/Ble";
			};
			name = Release;
		};
		DC37F0A31C7625910067B205 /* Debug */ = {
			isa = XCBuildConfiguration;
			buildSettings = {
				INFOPLIST_FILE = BleUITests/Info.plist;
				LD_RUNPATH_SEARCH_PATHS = "$(inherited) @executable_path/Frameworks @loader_path/Frameworks";
				PRODUCT_BUNDLE_IDENTIFIER = JonFir.BleUITests;
				PRODUCT_NAME = "$(TARGET_NAME)";
				TEST_TARGET_NAME = Ble;
				USES_XCTRUNNER = YES;
			};
			name = Debug;
		};
		DC37F0A41C7625910067B205 /* Release */ = {
			isa = XCBuildConfiguration;
			buildSettings = {
				INFOPLIST_FILE = BleUITests/Info.plist;
				LD_RUNPATH_SEARCH_PATHS = "$(inherited) @executable_path/Frameworks @loader_path/Frameworks";
				PRODUCT_BUNDLE_IDENTIFIER = JonFir.BleUITests;
				PRODUCT_NAME = "$(TARGET_NAME)";
				TEST_TARGET_NAME = Ble;
				USES_XCTRUNNER = YES;
			};
			name = Release;
		};
/* End XCBuildConfiguration section */

/* Begin XCConfigurationList section */
		DC37F0671C7625910067B205 /* Build configuration list for PBXProject "Ble" */ = {
			isa = XCConfigurationList;
			buildConfigurations = (
				DC37F09A1C7625910067B205 /* Debug */,
				DC37F09B1C7625910067B205 /* Release */,
			);
			defaultConfigurationIsVisible = 0;
			defaultConfigurationName = Release;
		};
		DC37F09C1C7625910067B205 /* Build configuration list for PBXNativeTarget "Ble" */ = {
			isa = XCConfigurationList;
			buildConfigurations = (
				DC37F09D1C7625910067B205 /* Debug */,
				DC37F09E1C7625910067B205 /* Release */,
			);
			defaultConfigurationIsVisible = 0;
			defaultConfigurationName = Release;
		};
		DC37F09F1C7625910067B205 /* Build configuration list for PBXNativeTarget "BleTests" */ = {
			isa = XCConfigurationList;
			buildConfigurations = (
				DC37F0A01C7625910067B205 /* Debug */,
				DC37F0A11C7625910067B205 /* Release */,
			);
			defaultConfigurationIsVisible = 0;
			defaultConfigurationName = Release;
		};
		DC37F0A21C7625910067B205 /* Build configuration list for PBXNativeTarget "BleUITests" */ = {
			isa = XCConfigurationList;
			buildConfigurations = (
				DC37F0A31C7625910067B205 /* Debug */,
				DC37F0A41C7625910067B205 /* Release */,
			);
			defaultConfigurationIsVisible = 0;
			defaultConfigurationName = Release;
		};
/* End XCConfigurationList section */

/* Begin XCVersionGroup section */
		DC37F07B1C7625910067B205 /* Ble.xcdatamodeld */ = {
			isa = XCVersionGroup;
			children = (
				DC37F07C1C7625910067B205 /* Ble.xcdatamodel */,
			);
			currentVersion = DC37F07C1C7625910067B205 /* Ble.xcdatamodel */;
			path = Ble.xcdatamodeld;
			sourceTree = "<group>";
			versionGroupType = wrapper.xcdatamodel;
		};
/* End XCVersionGroup section */
	};
	rootObject = DC37F0641C7625910067B205 /* Project object */;
}
